
Microsoft Visual Studio Solution File, Format Version 12.00
# Visual Studio Version 16
VisualStudioVersion = 16.0.29424.173
MinimumVisualStudioVersion = 10.0.40219.1
Project("{9A19103F-16F7-4668-BE54-9A1E7A4F7556}") = "TrainingSuperville", "TrainingSuperville\TrainingSuperville.csproj", "{3F4B2EFB-37F4-481B-B7B1-3BE9A7935F8C}"
EndProject
Project("{FAE04EC0-301F-11D3-BF4B-00C04F79EFBC}") = "WebApi1", "WebApi1\WebApi1.csproj", "{AF3197FF-6D8E-4CFA-A0A1-2EF37CE86D0A}"
EndProject
Project("{FAE04EC0-301F-11D3-BF4B-00C04F79EFBC}") = "WebApi2", "WebApi2\WebApi2.csproj", "{77C28B58-FBDC-4434-8106-FAB37BCE9133}"
EndProject
Global
	GlobalSection(SolutionConfigurationPlatforms) = preSolution
		Debug|Any CPU = Debug|Any CPU
		Release|Any CPU = Release|Any CPU
	EndGlobalSection
	GlobalSection(ProjectConfigurationPlatforms) = postSolution
		{3F4B2EFB-37F4-481B-B7B1-3BE9A7935F8C}.Debug|Any CPU.ActiveCfg = Debug|Any CPU
		{3F4B2EFB-37F4-481B-B7B1-3BE9A7935F8C}.Debug|Any CPU.Build.0 = Debug|Any CPU
		{3F4B2EFB-37F4-481B-B7B1-3BE9A7935F8C}.Release|Any CPU.ActiveCfg = Release|Any CPU
		{3F4B2EFB-37F4-481B-B7B1-3BE9A7935F8C}.Release|Any CPU.Build.0 = Release|Any CPU
		{AF3197FF-6D8E-4CFA-A0A1-2EF37CE86D0A}.Debug|Any CPU.ActiveCfg = Debug|Any CPU
		{AF3197FF-6D8E-4CFA-A0A1-2EF37CE86D0A}.Debug|Any CPU.Build.0 = Debug|Any CPU
		{AF3197FF-6D8E-4CFA-A0A1-2EF37CE86D0A}.Release|Any CPU.ActiveCfg = Release|Any CPU
		{AF3197FF-6D8E-4CFA-A0A1-2EF37CE86D0A}.Release|Any CPU.Build.0 = Release|Any CPU
		{77C28B58-FBDC-4434-8106-FAB37BCE9133}.Debug|Any CPU.ActiveCfg = Debug|Any CPU
		{77C28B58-FBDC-4434-8106-FAB37BCE9133}.Debug|Any CPU.Build.0 = Debug|Any CPU
		{77C28B58-FBDC-4434-8106-FAB37BCE9133}.Release|Any CPU.ActiveCfg = Release|Any CPU
		{77C28B58-FBDC-4434-8106-FAB37BCE9133}.Release|Any CPU.Build.0 = Release|Any CPU
	EndGlobalSection
	GlobalSection(SolutionProperties) = preSolution
		HideSolutionNode = FALSE
	EndGlobalSection
	GlobalSection(ExtensibilityGlobals) = postSolution
		SolutionGuid = {EF14DE92-8F45-4452-A9AB-8D7E720D3EF0}
	EndGlobalSection
EndGlobal
