
Microsoft Visual Studio Solution File, Format Version 12.00
# Visual Studio Version 16
VisualStudioVersion = 16.0.29424.173
MinimumVisualStudioVersion = 10.0.40219.1
Project("{9A19103F-16F7-4668-BE54-9A1E7A4F7556}") = "TrainingSuperville.WebApp", "TrainingSuperville\TrainingSuperville.WebApp.csproj", "{3F4B2EFB-37F4-481B-B7B1-3BE9A7935F8C}"
	ProjectSection(ProjectDependencies) = postProject
		{77C28B58-FBDC-4434-8106-FAB37BCE9133} = {77C28B58-FBDC-4434-8106-FAB37BCE9133}
		{0BC68DE2-72C9-4F71-AE91-31CE4537B630} = {0BC68DE2-72C9-4F71-AE91-31CE4537B630}
		{AF3197FF-6D8E-4CFA-A0A1-2EF37CE86D0A} = {AF3197FF-6D8E-4CFA-A0A1-2EF37CE86D0A}
	EndProjectSection
EndProject
Project("{9A19103F-16F7-4668-BE54-9A1E7A4F7556}") = "Client.WebApi", "Client.WebApi\Client.WebApi.csproj", "{AF3197FF-6D8E-4CFA-A0A1-2EF37CE86D0A}"
EndProject
Project("{9A19103F-16F7-4668-BE54-9A1E7A4F7556}") = "Product.WebApi", "Product.WebApi\Product.WebApi.csproj", "{77C28B58-FBDC-4434-8106-FAB37BCE9133}"
	ProjectSection(ProjectDependencies) = postProject
		{AF3197FF-6D8E-4CFA-A0A1-2EF37CE86D0A} = {AF3197FF-6D8E-4CFA-A0A1-2EF37CE86D0A}
	EndProjectSection
EndProject
Project("{9A19103F-16F7-4668-BE54-9A1E7A4F7556}") = "TrainingSuperville.Framework", "SharedClasses\TrainingSuperville.Framework.csproj", "{142D2878-921B-4DD9-81C4-EA7541C441AA}"
EndProject
Project("{2150E333-8FDC-42A3-9474-1A3956D46DE8}") = "src", "src", "{EB941ED4-CA29-4362-8C51-6E38472CEC4A}"
EndProject
Project("{2150E333-8FDC-42A3-9474-1A3956D46DE8}") = "test", "test", "{670D99E2-4CA2-439D-AD59-28B1597EDE21}"
EndProject
Project("{2150E333-8FDC-42A3-9474-1A3956D46DE8}") = "Gateway", "Gateway", "{3627BBD0-89DA-4CCC-B6F4-22FEEC8A588E}"
EndProject
Project("{9A19103F-16F7-4668-BE54-9A1E7A4F7556}") = "Gateway.WebApi", "Gateway.WebApi\Gateway.WebApi.csproj", "{0BC68DE2-72C9-4F71-AE91-31CE4537B630}"
	ProjectSection(ProjectDependencies) = postProject
		{77C28B58-FBDC-4434-8106-FAB37BCE9133} = {77C28B58-FBDC-4434-8106-FAB37BCE9133}
		{AF3197FF-6D8E-4CFA-A0A1-2EF37CE86D0A} = {AF3197FF-6D8E-4CFA-A0A1-2EF37CE86D0A}
	EndProjectSection
EndProject
Project("{2150E333-8FDC-42A3-9474-1A3956D46DE8}") = "Services", "Services", "{259B8893-6BF6-4384-B4E5-A836E2DC6B41}"
EndProject
Project("{2150E333-8FDC-42A3-9474-1A3956D46DE8}") = "WebApp", "WebApp", "{D7C86216-5659-4993-82EB-D1C1F68CBB3D}"
EndProject
Project("{2150E333-8FDC-42A3-9474-1A3956D46DE8}") = "Framework", "Framework", "{1FC807D6-509F-4481-AEF4-9E635FEAB199}"
EndProject
Project("{2150E333-8FDC-42A3-9474-1A3956D46DE8}") = "Framework", "Framework", "{8C270D3F-8C9B-48CD-813E-035DFD7AFA9E}"
EndProject
Project("{9A19103F-16F7-4668-BE54-9A1E7A4F7556}") = "TrainingSuperville.Framework.UnitTest", "TrainingSuperville.Framework.UnitTest\TrainingSuperville.Framework.UnitTest.csproj", "{7ABA43B3-547C-4E6E-AD3F-8A535DED0C4F}"
EndProject
Project("{2150E333-8FDC-42A3-9474-1A3956D46DE8}") = "Client", "Client", "{51FD75FB-9FC2-4167-A55C-2F5A5E6E5C60}"
EndProject
Project("{2150E333-8FDC-42A3-9474-1A3956D46DE8}") = "Product", "Product", "{DB00A946-4A67-4B18-8380-90A9E07A72EE}"
EndProject
Global
	GlobalSection(SolutionConfigurationPlatforms) = preSolution
		Debug|Any CPU = Debug|Any CPU
		Release|Any CPU = Release|Any CPU
	EndGlobalSection
	GlobalSection(ProjectConfigurationPlatforms) = postSolution
		{3F4B2EFB-37F4-481B-B7B1-3BE9A7935F8C}.Debug|Any CPU.ActiveCfg = Debug|Any CPU
		{3F4B2EFB-37F4-481B-B7B1-3BE9A7935F8C}.Debug|Any CPU.Build.0 = Debug|Any CPU
		{3F4B2EFB-37F4-481B-B7B1-3BE9A7935F8C}.Release|Any CPU.ActiveCfg = Release|Any CPU
		{3F4B2EFB-37F4-481B-B7B1-3BE9A7935F8C}.Release|Any CPU.Build.0 = Release|Any CPU
		{AF3197FF-6D8E-4CFA-A0A1-2EF37CE86D0A}.Debug|Any CPU.ActiveCfg = Debug|Any CPU
		{AF3197FF-6D8E-4CFA-A0A1-2EF37CE86D0A}.Debug|Any CPU.Build.0 = Debug|Any CPU
		{AF3197FF-6D8E-4CFA-A0A1-2EF37CE86D0A}.Release|Any CPU.ActiveCfg = Release|Any CPU
		{AF3197FF-6D8E-4CFA-A0A1-2EF37CE86D0A}.Release|Any CPU.Build.0 = Release|Any CPU
		{77C28B58-FBDC-4434-8106-FAB37BCE9133}.Debug|Any CPU.ActiveCfg = Debug|Any CPU
		{77C28B58-FBDC-4434-8106-FAB37BCE9133}.Debug|Any CPU.Build.0 = Debug|Any CPU
		{77C28B58-FBDC-4434-8106-FAB37BCE9133}.Release|Any CPU.ActiveCfg = Release|Any CPU
		{77C28B58-FBDC-4434-8106-FAB37BCE9133}.Release|Any CPU.Build.0 = Release|Any CPU
		{142D2878-921B-4DD9-81C4-EA7541C441AA}.Debug|Any CPU.ActiveCfg = Debug|Any CPU
		{142D2878-921B-4DD9-81C4-EA7541C441AA}.Debug|Any CPU.Build.0 = Debug|Any CPU
		{142D2878-921B-4DD9-81C4-EA7541C441AA}.Release|Any CPU.ActiveCfg = Release|Any CPU
		{142D2878-921B-4DD9-81C4-EA7541C441AA}.Release|Any CPU.Build.0 = Release|Any CPU
		{0BC68DE2-72C9-4F71-AE91-31CE4537B630}.Debug|Any CPU.ActiveCfg = Debug|Any CPU
		{0BC68DE2-72C9-4F71-AE91-31CE4537B630}.Debug|Any CPU.Build.0 = Debug|Any CPU
		{0BC68DE2-72C9-4F71-AE91-31CE4537B630}.Release|Any CPU.ActiveCfg = Release|Any CPU
		{0BC68DE2-72C9-4F71-AE91-31CE4537B630}.Release|Any CPU.Build.0 = Release|Any CPU
		{7ABA43B3-547C-4E6E-AD3F-8A535DED0C4F}.Debug|Any CPU.ActiveCfg = Debug|Any CPU
		{7ABA43B3-547C-4E6E-AD3F-8A535DED0C4F}.Debug|Any CPU.Build.0 = Debug|Any CPU
		{7ABA43B3-547C-4E6E-AD3F-8A535DED0C4F}.Release|Any CPU.ActiveCfg = Release|Any CPU
		{7ABA43B3-547C-4E6E-AD3F-8A535DED0C4F}.Release|Any CPU.Build.0 = Release|Any CPU
	EndGlobalSection
	GlobalSection(SolutionProperties) = preSolution
		HideSolutionNode = FALSE
	EndGlobalSection
	GlobalSection(NestedProjects) = preSolution
		{3F4B2EFB-37F4-481B-B7B1-3BE9A7935F8C} = {D7C86216-5659-4993-82EB-D1C1F68CBB3D}
		{AF3197FF-6D8E-4CFA-A0A1-2EF37CE86D0A} = {51FD75FB-9FC2-4167-A55C-2F5A5E6E5C60}
		{77C28B58-FBDC-4434-8106-FAB37BCE9133} = {DB00A946-4A67-4B18-8380-90A9E07A72EE}
		{142D2878-921B-4DD9-81C4-EA7541C441AA} = {1FC807D6-509F-4481-AEF4-9E635FEAB199}
		{3627BBD0-89DA-4CCC-B6F4-22FEEC8A588E} = {EB941ED4-CA29-4362-8C51-6E38472CEC4A}
		{0BC68DE2-72C9-4F71-AE91-31CE4537B630} = {3627BBD0-89DA-4CCC-B6F4-22FEEC8A588E}
		{259B8893-6BF6-4384-B4E5-A836E2DC6B41} = {EB941ED4-CA29-4362-8C51-6E38472CEC4A}
		{D7C86216-5659-4993-82EB-D1C1F68CBB3D} = {EB941ED4-CA29-4362-8C51-6E38472CEC4A}
		{1FC807D6-509F-4481-AEF4-9E635FEAB199} = {EB941ED4-CA29-4362-8C51-6E38472CEC4A}
		{8C270D3F-8C9B-48CD-813E-035DFD7AFA9E} = {670D99E2-4CA2-439D-AD59-28B1597EDE21}
		{7ABA43B3-547C-4E6E-AD3F-8A535DED0C4F} = {8C270D3F-8C9B-48CD-813E-035DFD7AFA9E}
		{51FD75FB-9FC2-4167-A55C-2F5A5E6E5C60} = {259B8893-6BF6-4384-B4E5-A836E2DC6B41}
		{DB00A946-4A67-4B18-8380-90A9E07A72EE} = {259B8893-6BF6-4384-B4E5-A836E2DC6B41}
	EndGlobalSection
	GlobalSection(ExtensibilityGlobals) = postSolution
		SolutionGuid = {EF14DE92-8F45-4452-A9AB-8D7E720D3EF0}
	EndGlobalSection
EndGlobal
